{
  "version": 4,
  "terraform_version": "1.2.0",
  "serial": 192,
  "lineage": "21b5f814-7955-cec0-fd98-b42c9038a58f",
  "outputs": {},
  "resources": [
    {
      "mode": "managed",
      "type": "azurerm_lb",
      "name": "LoadBalancer",
      "provider": "provider[\"registry.terraform.io/hashicorp/azurerm\"]",
      "instances": [
        {
          "schema_version": 0,
          "attributes": {
            "frontend_ip_configuration": [
              {
                "availability_zone": "No-Zone",
                "gateway_load_balancer_frontend_ip_configuration_id": "",
                "id": "/subscriptions/11a1d476-f53f-482c-90bc-eed7a755b2a0/resourceGroups/Rg_Test/providers/Microsoft.Network/loadBalancers/LoadBalancer/frontendIPConfigurations/PublicIPAddress",
                "inbound_nat_rules": [],
                "load_balancer_rules": [
                  "/subscriptions/11a1d476-f53f-482c-90bc-eed7a755b2a0/resourceGroups/Rg_Test/providers/Microsoft.Network/loadBalancers/LoadBalancer/loadBalancingRules/LBRule_Port-22",
                  "/subscriptions/11a1d476-f53f-482c-90bc-eed7a755b2a0/resourceGroups/Rg_Test/providers/Microsoft.Network/loadBalancers/LoadBalancer/loadBalancingRules/LBRule_Port-443",
                  "/subscriptions/11a1d476-f53f-482c-90bc-eed7a755b2a0/resourceGroups/Rg_Test/providers/Microsoft.Network/loadBalancers/LoadBalancer/loadBalancingRules/LBRule_Port-80"
                ],
                "name": "PublicIPAddress",
                "outbound_rules": [],
                "private_ip_address": "",
                "private_ip_address_allocation": "Dynamic",
                "private_ip_address_version": "",
                "public_ip_address_id": "/subscriptions/11a1d476-f53f-482c-90bc-eed7a755b2a0/resourceGroups/Rg_Test/providers/Microsoft.Network/publicIPAddresses/PublicIpForLB",
                "public_ip_prefix_id": "",
                "subnet_id": "",
                "zones": []
              }
            ],
            "id": "/subscriptions/11a1d476-f53f-482c-90bc-eed7a755b2a0/resourceGroups/Rg_Test/providers/Microsoft.Network/loadBalancers/LoadBalancer",
            "location": "northeurope",
            "name": "LoadBalancer",
            "private_ip_address": "",
            "private_ip_addresses": [],
            "resource_group_name": "Rg_Test",
            "sku": "Standard",
            "sku_tier": "Regional",
            "tags": {},
            "timeouts": null
          },
          "sensitive_attributes": [],
          "private": "eyJlMmJmYjczMC1lY2FhLTExZTYtOGY4OC0zNDM2M2JjN2M0YzAiOnsiY3JlYXRlIjoxODAwMDAwMDAwMDAwLCJkZWxldGUiOjE4MDAwMDAwMDAwMDAsInJlYWQiOjMwMDAwMDAwMDAwMCwidXBkYXRlIjoxODAwMDAwMDAwMDAwfX0=",
          "dependencies": [
            "azurerm_public_ip.LoadBalPubIP",
            "azurerm_resource_group.Rg_name"
          ]
        }
      ]
    },
    {
      "mode": "managed",
      "type": "azurerm_lb_backend_address_pool",
      "name": "LB_backend",
      "provider": "provider[\"registry.terraform.io/hashicorp/azurerm\"]",
      "instances": [
        {
          "schema_version": 0,
          "attributes": {
            "backend_address": [],
            "backend_ip_configurations": [
              "/subscriptions/11a1d476-f53f-482c-90bc-eed7a755b2a0/resourceGroups/Rg_Test/providers/Microsoft.Network/networkInterfaces/NetIntVm0/ipConfigurations/internal",
              "/subscriptions/11a1d476-f53f-482c-90bc-eed7a755b2a0/resourceGroups/Rg_Test/providers/Microsoft.Network/networkInterfaces/NetIntVm1/ipConfigurations/internal",
              "/subscriptions/11a1d476-f53f-482c-90bc-eed7a755b2a0/resourceGroups/Rg_Test/providers/Microsoft.Network/networkInterfaces/NetIntVm2/ipConfigurations/internal"
            ],
            "id": "/subscriptions/11a1d476-f53f-482c-90bc-eed7a755b2a0/resourceGroups/Rg_Test/providers/Microsoft.Network/loadBalancers/LoadBalancer/backendAddressPools/BackEndAddressPool",
            "load_balancing_rules": [
              "/subscriptions/11a1d476-f53f-482c-90bc-eed7a755b2a0/resourceGroups/Rg_Test/providers/Microsoft.Network/loadBalancers/LoadBalancer/loadBalancingRules/LBRule_Port-443",
              "/subscriptions/11a1d476-f53f-482c-90bc-eed7a755b2a0/resourceGroups/Rg_Test/providers/Microsoft.Network/loadBalancers/LoadBalancer/loadBalancingRules/LBRule_Port-22",
              "/subscriptions/11a1d476-f53f-482c-90bc-eed7a755b2a0/resourceGroups/Rg_Test/providers/Microsoft.Network/loadBalancers/LoadBalancer/loadBalancingRules/LBRule_Port-80"
            ],
            "loadbalancer_id": "/subscriptions/11a1d476-f53f-482c-90bc-eed7a755b2a0/resourceGroups/Rg_Test/providers/Microsoft.Network/loadBalancers/LoadBalancer",
            "name": "BackEndAddressPool",
            "outbound_rules": [],
            "resource_group_name": "Rg_Test",
            "timeouts": null,
            "tunnel_interface": []
          },
          "sensitive_attributes": [],
          "private": "eyJlMmJmYjczMC1lY2FhLTExZTYtOGY4OC0zNDM2M2JjN2M0YzAiOnsiY3JlYXRlIjoxODAwMDAwMDAwMDAwLCJkZWxldGUiOjE4MDAwMDAwMDAwMDAsInJlYWQiOjMwMDAwMDAwMDAwMCwidXBkYXRlIjoxODAwMDAwMDAwMDAwfX0=",
          "dependencies": [
            "azurerm_lb.LoadBalancer",
            "azurerm_public_ip.LoadBalPubIP",
            "azurerm_resource_group.Rg_name"
          ]
        }
      ]
    },
    {
      "mode": "managed",
      "type": "azurerm_lb_probe",
      "name": "example",
      "provider": "provider[\"registry.terraform.io/hashicorp/azurerm\"]",
      "instances": [
        {
          "schema_version": 0,
          "attributes": {
            "id": "/subscriptions/11a1d476-f53f-482c-90bc-eed7a755b2a0/resourceGroups/Rg_Test/providers/Microsoft.Network/loadBalancers/LoadBalancer/probes/ssh-running-probe",
            "interval_in_seconds": 15,
            "load_balancer_rules": [
              "/subscriptions/11a1d476-f53f-482c-90bc-eed7a755b2a0/resourceGroups/Rg_Test/providers/Microsoft.Network/loadBalancers/LoadBalancer/loadBalancingRules/LBRule_Port-22",
              "/subscriptions/11a1d476-f53f-482c-90bc-eed7a755b2a0/resourceGroups/Rg_Test/providers/Microsoft.Network/loadBalancers/LoadBalancer/loadBalancingRules/LBRule_Port-443",
              "/subscriptions/11a1d476-f53f-482c-90bc-eed7a755b2a0/resourceGroups/Rg_Test/providers/Microsoft.Network/loadBalancers/LoadBalancer/loadBalancingRules/LBRule_Port-80"
            ],
            "loadbalancer_id": "/subscriptions/11a1d476-f53f-482c-90bc-eed7a755b2a0/resourceGroups/Rg_Test/providers/Microsoft.Network/loadBalancers/LoadBalancer",
            "name": "ssh-running-probe",
            "number_of_probes": 2,
            "port": 22,
            "protocol": "Tcp",
            "request_path": "",
            "resource_group_name": "Rg_Test",
            "timeouts": null
          },
          "sensitive_attributes": [],
          "private": "eyJlMmJmYjczMC1lY2FhLTExZTYtOGY4OC0zNDM2M2JjN2M0YzAiOnsiY3JlYXRlIjoxODAwMDAwMDAwMDAwLCJkZWxldGUiOjE4MDAwMDAwMDAwMDAsInJlYWQiOjMwMDAwMDAwMDAwMCwidXBkYXRlIjoxODAwMDAwMDAwMDAwfX0=",
          "dependencies": [
            "azurerm_lb.LoadBalancer",
            "azurerm_public_ip.LoadBalPubIP",
            "azurerm_resource_group.Rg_name"
          ]
        }
      ]
    },
    {
      "mode": "managed",
      "type": "azurerm_lb_rule",
      "name": "Port",
      "provider": "provider[\"registry.terraform.io/hashicorp/azurerm\"]",
      "instances": [
        {
          "index_key": "1",
          "schema_version": 0,
          "attributes": {
            "backend_address_pool_id": "/subscriptions/11a1d476-f53f-482c-90bc-eed7a755b2a0/resourceGroups/Rg_Test/providers/Microsoft.Network/loadBalancers/LoadBalancer/backendAddressPools/BackEndAddressPool",
            "backend_address_pool_ids": [
              "/subscriptions/11a1d476-f53f-482c-90bc-eed7a755b2a0/resourceGroups/Rg_Test/providers/Microsoft.Network/loadBalancers/LoadBalancer/backendAddressPools/BackEndAddressPool"
            ],
            "backend_port": 22,
            "disable_outbound_snat": false,
            "enable_floating_ip": false,
            "enable_tcp_reset": false,
            "frontend_ip_configuration_id": "/subscriptions/11a1d476-f53f-482c-90bc-eed7a755b2a0/resourceGroups/Rg_Test/providers/Microsoft.Network/loadBalancers/LoadBalancer/frontendIPConfigurations/PublicIPAddress",
            "frontend_ip_configuration_name": "PublicIPAddress",
            "frontend_port": 22,
            "id": "/subscriptions/11a1d476-f53f-482c-90bc-eed7a755b2a0/resourceGroups/Rg_Test/providers/Microsoft.Network/loadBalancers/LoadBalancer/loadBalancingRules/LBRule_Port-22",
            "idle_timeout_in_minutes": 4,
            "load_distribution": "Default",
            "loadbalancer_id": "/subscriptions/11a1d476-f53f-482c-90bc-eed7a755b2a0/resourceGroups/Rg_Test/providers/Microsoft.Network/loadBalancers/LoadBalancer",
            "name": "LBRule_Port-22",
            "probe_id": "/subscriptions/11a1d476-f53f-482c-90bc-eed7a755b2a0/resourceGroups/Rg_Test/providers/Microsoft.Network/loadBalancers/LoadBalancer/probes/ssh-running-probe",
            "protocol": "Tcp",
            "resource_group_name": "Rg_Test",
            "timeouts": null
          },
          "sensitive_attributes": [],
          "private": "eyJlMmJmYjczMC1lY2FhLTExZTYtOGY4OC0zNDM2M2JjN2M0YzAiOnsiY3JlYXRlIjoxODAwMDAwMDAwMDAwLCJkZWxldGUiOjE4MDAwMDAwMDAwMDAsInJlYWQiOjMwMDAwMDAwMDAwMCwidXBkYXRlIjoxODAwMDAwMDAwMDAwfX0=",
          "dependencies": [
            "azurerm_lb.LoadBalancer",
            "azurerm_lb_backend_address_pool.LB_backend",
            "azurerm_lb_probe.example",
            "azurerm_public_ip.LoadBalPubIP",
            "azurerm_resource_group.Rg_name"
          ]
        },
        {
          "index_key": "2",
          "schema_version": 0,
          "attributes": {
            "backend_address_pool_id": "/subscriptions/11a1d476-f53f-482c-90bc-eed7a755b2a0/resourceGroups/Rg_Test/providers/Microsoft.Network/loadBalancers/LoadBalancer/backendAddressPools/BackEndAddressPool",
            "backend_address_pool_ids": [
              "/subscriptions/11a1d476-f53f-482c-90bc-eed7a755b2a0/resourceGroups/Rg_Test/providers/Microsoft.Network/loadBalancers/LoadBalancer/backendAddressPools/BackEndAddressPool"
            ],
            "backend_port": 80,
            "disable_outbound_snat": false,
            "enable_floating_ip": false,
            "enable_tcp_reset": false,
            "frontend_ip_configuration_id": "/subscriptions/11a1d476-f53f-482c-90bc-eed7a755b2a0/resourceGroups/Rg_Test/providers/Microsoft.Network/loadBalancers/LoadBalancer/frontendIPConfigurations/PublicIPAddress",
            "frontend_ip_configuration_name": "PublicIPAddress",
            "frontend_port": 80,
            "id": "/subscriptions/11a1d476-f53f-482c-90bc-eed7a755b2a0/resourceGroups/Rg_Test/providers/Microsoft.Network/loadBalancers/LoadBalancer/loadBalancingRules/LBRule_Port-80",
            "idle_timeout_in_minutes": 4,
            "load_distribution": "Default",
            "loadbalancer_id": "/subscriptions/11a1d476-f53f-482c-90bc-eed7a755b2a0/resourceGroups/Rg_Test/providers/Microsoft.Network/loadBalancers/LoadBalancer",
            "name": "LBRule_Port-80",
            "probe_id": "/subscriptions/11a1d476-f53f-482c-90bc-eed7a755b2a0/resourceGroups/Rg_Test/providers/Microsoft.Network/loadBalancers/LoadBalancer/probes/ssh-running-probe",
            "protocol": "Tcp",
            "resource_group_name": "Rg_Test",
            "timeouts": null
          },
          "sensitive_attributes": [],
          "private": "eyJlMmJmYjczMC1lY2FhLTExZTYtOGY4OC0zNDM2M2JjN2M0YzAiOnsiY3JlYXRlIjoxODAwMDAwMDAwMDAwLCJkZWxldGUiOjE4MDAwMDAwMDAwMDAsInJlYWQiOjMwMDAwMDAwMDAwMCwidXBkYXRlIjoxODAwMDAwMDAwMDAwfX0=",
          "dependencies": [
            "azurerm_lb.LoadBalancer",
            "azurerm_lb_backend_address_pool.LB_backend",
            "azurerm_lb_probe.example",
            "azurerm_public_ip.LoadBalPubIP",
            "azurerm_resource_group.Rg_name"
          ]
        },
        {
          "index_key": "3",
          "schema_version": 0,
          "attributes": {
            "backend_address_pool_id": "/subscriptions/11a1d476-f53f-482c-90bc-eed7a755b2a0/resourceGroups/Rg_Test/providers/Microsoft.Network/loadBalancers/LoadBalancer/backendAddressPools/BackEndAddressPool",
            "backend_address_pool_ids": [
              "/subscriptions/11a1d476-f53f-482c-90bc-eed7a755b2a0/resourceGroups/Rg_Test/providers/Microsoft.Network/loadBalancers/LoadBalancer/backendAddressPools/BackEndAddressPool"
            ],
            "backend_port": 443,
            "disable_outbound_snat": false,
            "enable_floating_ip": false,
            "enable_tcp_reset": false,
            "frontend_ip_configuration_id": "/subscriptions/11a1d476-f53f-482c-90bc-eed7a755b2a0/resourceGroups/Rg_Test/providers/Microsoft.Network/loadBalancers/LoadBalancer/frontendIPConfigurations/PublicIPAddress",
            "frontend_ip_configuration_name": "PublicIPAddress",
            "frontend_port": 443,
            "id": "/subscriptions/11a1d476-f53f-482c-90bc-eed7a755b2a0/resourceGroups/Rg_Test/providers/Microsoft.Network/loadBalancers/LoadBalancer/loadBalancingRules/LBRule_Port-443",
            "idle_timeout_in_minutes": 4,
            "load_distribution": "Default",
            "loadbalancer_id": "/subscriptions/11a1d476-f53f-482c-90bc-eed7a755b2a0/resourceGroups/Rg_Test/providers/Microsoft.Network/loadBalancers/LoadBalancer",
            "name": "LBRule_Port-443",
            "probe_id": "/subscriptions/11a1d476-f53f-482c-90bc-eed7a755b2a0/resourceGroups/Rg_Test/providers/Microsoft.Network/loadBalancers/LoadBalancer/probes/ssh-running-probe",
            "protocol": "Tcp",
            "resource_group_name": "Rg_Test",
            "timeouts": null
          },
          "sensitive_attributes": [],
          "private": "eyJlMmJmYjczMC1lY2FhLTExZTYtOGY4OC0zNDM2M2JjN2M0YzAiOnsiY3JlYXRlIjoxODAwMDAwMDAwMDAwLCJkZWxldGUiOjE4MDAwMDAwMDAwMDAsInJlYWQiOjMwMDAwMDAwMDAwMCwidXBkYXRlIjoxODAwMDAwMDAwMDAwfX0=",
          "dependencies": [
            "azurerm_lb.LoadBalancer",
            "azurerm_lb_backend_address_pool.LB_backend",
            "azurerm_lb_probe.example",
            "azurerm_public_ip.LoadBalPubIP",
            "azurerm_resource_group.Rg_name"
          ]
        }
      ]
    },
    {
      "mode": "managed",
      "type": "azurerm_linux_virtual_machine",
      "name": "AzureVM",
      "provider": "provider[\"registry.terraform.io/hashicorp/azurerm\"]",
      "instances": [
        {
          "index_key": 0,
          "schema_version": 0,
          "attributes": {
            "additional_capabilities": [],
            "admin_password": "Abc12345678",
            "admin_ssh_key": [],
            "admin_username": "adminuser",
            "allow_extension_operations": true,
            "availability_set_id": "",
            "boot_diagnostics": [],
            "computer_name": "VM0",
            "custom_data": null,
            "dedicated_host_id": "",
            "disable_password_authentication": false,
            "encryption_at_host_enabled": false,
            "eviction_policy": "",
            "extensions_time_budget": "PT1H30M",
            "id": "/subscriptions/11a1d476-f53f-482c-90bc-eed7a755b2a0/resourceGroups/Rg_Test/providers/Microsoft.Compute/virtualMachines/VM0",
            "identity": [],
            "license_type": "",
            "location": "northeurope",
            "max_bid_price": -1,
            "name": "VM0",
            "network_interface_ids": [
              "/subscriptions/11a1d476-f53f-482c-90bc-eed7a755b2a0/resourceGroups/Rg_Test/providers/Microsoft.Network/networkInterfaces/NetIntVm0"
            ],
            "os_disk": [
              {
                "caching": "ReadWrite",
                "diff_disk_settings": [],
                "disk_encryption_set_id": "",
                "disk_size_gb": 30,
                "name": "VM0_OsDisk_1_b7255d0f065a42c98889e485e8810655",
                "storage_account_type": "Standard_LRS",
                "write_accelerator_enabled": false
              }
            ],
            "patch_mode": "ImageDefault",
            "plan": [
              {
                "name": "nginx-plus-ubuntu1804",
                "product": "nginx-plus-v1-standard",
                "publisher": "nginxinc"
              }
            ],
            "platform_fault_domain": -1,
            "priority": "Regular",
            "private_ip_address": "10.0.2.6",
            "private_ip_addresses": [
              "10.0.2.6"
            ],
            "provision_vm_agent": true,
            "proximity_placement_group_id": "",
            "public_ip_address": "20.223.8.200",
            "public_ip_addresses": [
              "20.223.8.200"
            ],
            "resource_group_name": "Rg_Test",
            "secret": [],
            "size": "Standard_B1ls",
            "source_image_id": "",
            "source_image_reference": [
              {
                "offer": "nginx-plus-v1-standard",
                "publisher": "nginxinc",
                "sku": "nginx-plus-ubuntu1804",
                "version": "latest"
              }
            ],
            "tags": {},
            "timeouts": null,
            "virtual_machine_id": "5d0109f6-855d-4b4d-99f2-491cf0596548",
            "virtual_machine_scale_set_id": "",
            "zone": ""
          },
          "sensitive_attributes": [],
          "private": "eyJlMmJmYjczMC1lY2FhLTExZTYtOGY4OC0zNDM2M2JjN2M0YzAiOnsiY3JlYXRlIjoyNzAwMDAwMDAwMDAwLCJkZWxldGUiOjI3MDAwMDAwMDAwMDAsInJlYWQiOjMwMDAwMDAwMDAwMCwidXBkYXRlIjoyNzAwMDAwMDAwMDAwfX0=",
          "dependencies": [
            "azurerm_network_interface.NetworkInt",
            "azurerm_public_ip.PublicIPForVM",
            "azurerm_resource_group.Rg_name",
            "azurerm_subnet.Subnet_config",
            "azurerm_virtual_network.AZ_VirtualNetwork"
          ]
        },
        {
          "index_key": 1,
          "schema_version": 0,
          "attributes": {
            "additional_capabilities": [],
            "admin_password": "Abc12345678",
            "admin_ssh_key": [],
            "admin_username": "adminuser",
            "allow_extension_operations": true,
            "availability_set_id": "",
            "boot_diagnostics": [],
            "computer_name": "VM1",
            "custom_data": null,
            "dedicated_host_id": "",
            "disable_password_authentication": false,
            "encryption_at_host_enabled": false,
            "eviction_policy": "",
            "extensions_time_budget": "PT1H30M",
            "id": "/subscriptions/11a1d476-f53f-482c-90bc-eed7a755b2a0/resourceGroups/Rg_Test/providers/Microsoft.Compute/virtualMachines/VM1",
            "identity": [],
            "license_type": "",
            "location": "northeurope",
            "max_bid_price": -1,
            "name": "VM1",
            "network_interface_ids": [
              "/subscriptions/11a1d476-f53f-482c-90bc-eed7a755b2a0/resourceGroups/Rg_Test/providers/Microsoft.Network/networkInterfaces/NetIntVm1"
            ],
            "os_disk": [
              {
                "caching": "ReadWrite",
                "diff_disk_settings": [],
                "disk_encryption_set_id": "",
                "disk_size_gb": 30,
                "name": "VM1_OsDisk_1_6a41e03818ca421395cef8bbce899e79",
                "storage_account_type": "Standard_LRS",
                "write_accelerator_enabled": false
              }
            ],
            "patch_mode": "ImageDefault",
            "plan": [
              {
                "name": "nginx-plus-ubuntu1804",
                "product": "nginx-plus-v1-standard",
                "publisher": "nginxinc"
              }
            ],
            "platform_fault_domain": -1,
            "priority": "Regular",
            "private_ip_address": "10.0.2.4",
            "private_ip_addresses": [
              "10.0.2.4"
            ],
            "provision_vm_agent": true,
            "proximity_placement_group_id": "",
            "public_ip_address": "20.223.9.195",
            "public_ip_addresses": [
              "20.223.9.195"
            ],
            "resource_group_name": "Rg_Test",
            "secret": [],
            "size": "Standard_B1ls",
            "source_image_id": "",
            "source_image_reference": [
              {
                "offer": "nginx-plus-v1-standard",
                "publisher": "nginxinc",
                "sku": "nginx-plus-ubuntu1804",
                "version": "latest"
              }
            ],
            "tags": {},
            "timeouts": null,
            "virtual_machine_id": "9cd2480f-0cd2-4493-91e2-f0d7ce658c73",
            "virtual_machine_scale_set_id": "",
            "zone": ""
          },
          "sensitive_attributes": [],
          "private": "eyJlMmJmYjczMC1lY2FhLTExZTYtOGY4OC0zNDM2M2JjN2M0YzAiOnsiY3JlYXRlIjoyNzAwMDAwMDAwMDAwLCJkZWxldGUiOjI3MDAwMDAwMDAwMDAsInJlYWQiOjMwMDAwMDAwMDAwMCwidXBkYXRlIjoyNzAwMDAwMDAwMDAwfX0=",
          "dependencies": [
            "azurerm_network_interface.NetworkInt",
            "azurerm_public_ip.PublicIPForVM",
            "azurerm_resource_group.Rg_name",
            "azurerm_subnet.Subnet_config",
            "azurerm_virtual_network.AZ_VirtualNetwork"
          ]
        },
        {
          "index_key": 2,
          "schema_version": 0,
          "attributes": {
            "additional_capabilities": [],
            "admin_password": "Abc12345678",
            "admin_ssh_key": [],
            "admin_username": "adminuser",
            "allow_extension_operations": true,
            "availability_set_id": "",
            "boot_diagnostics": [],
            "computer_name": "VM2",
            "custom_data": null,
            "dedicated_host_id": "",
            "disable_password_authentication": false,
            "encryption_at_host_enabled": false,
            "eviction_policy": "",
            "extensions_time_budget": "PT1H30M",
            "id": "/subscriptions/11a1d476-f53f-482c-90bc-eed7a755b2a0/resourceGroups/Rg_Test/providers/Microsoft.Compute/virtualMachines/VM2",
            "identity": [],
            "license_type": "",
            "location": "northeurope",
            "max_bid_price": -1,
            "name": "VM2",
            "network_interface_ids": [
              "/subscriptions/11a1d476-f53f-482c-90bc-eed7a755b2a0/resourceGroups/Rg_Test/providers/Microsoft.Network/networkInterfaces/NetIntVm2"
            ],
            "os_disk": [
              {
                "caching": "ReadWrite",
                "diff_disk_settings": [],
                "disk_encryption_set_id": "",
                "disk_size_gb": 30,
                "name": "VM2_OsDisk_1_7e9d37464cce4a24a50796086178f640",
                "storage_account_type": "Standard_LRS",
                "write_accelerator_enabled": false
              }
            ],
            "patch_mode": "ImageDefault",
            "plan": [
              {
                "name": "nginx-plus-ubuntu1804",
                "product": "nginx-plus-v1-standard",
                "publisher": "nginxinc"
              }
            ],
            "platform_fault_domain": -1,
            "priority": "Regular",
            "private_ip_address": "10.0.2.5",
            "private_ip_addresses": [
              "10.0.2.5"
            ],
            "provision_vm_agent": true,
            "proximity_placement_group_id": "",
            "public_ip_address": "20.223.8.204",
            "public_ip_addresses": [
              "20.223.8.204"
            ],
            "resource_group_name": "Rg_Test",
            "secret": [],
            "size": "Standard_B1ls",
            "source_image_id": "",
            "source_image_reference": [
              {
                "offer": "nginx-plus-v1-standard",
                "publisher": "nginxinc",
                "sku": "nginx-plus-ubuntu1804",
                "version": "latest"
              }
            ],
            "tags": {},
            "timeouts": null,
            "virtual_machine_id": "1c321b6b-843c-4f5d-9e12-6a3c03663404",
            "virtual_machine_scale_set_id": "",
            "zone": ""
          },
          "sensitive_attributes": [],
          "private": "eyJlMmJmYjczMC1lY2FhLTExZTYtOGY4OC0zNDM2M2JjN2M0YzAiOnsiY3JlYXRlIjoyNzAwMDAwMDAwMDAwLCJkZWxldGUiOjI3MDAwMDAwMDAwMDAsInJlYWQiOjMwMDAwMDAwMDAwMCwidXBkYXRlIjoyNzAwMDAwMDAwMDAwfX0=",
          "dependencies": [
            "azurerm_network_interface.NetworkInt",
            "azurerm_public_ip.PublicIPForVM",
            "azurerm_resource_group.Rg_name",
            "azurerm_subnet.Subnet_config",
            "azurerm_virtual_network.AZ_VirtualNetwork"
          ]
        }
      ]
    },
    {
      "mode": "managed",
      "type": "azurerm_network_interface",
      "name": "NetworkInt",
      "provider": "provider[\"registry.terraform.io/hashicorp/azurerm\"]",
      "instances": [
        {
          "index_key": 0,
          "schema_version": 0,
          "attributes": {
            "applied_dns_servers": [],
            "dns_servers": [],
            "enable_accelerated_networking": false,
            "enable_ip_forwarding": false,
            "id": "/subscriptions/11a1d476-f53f-482c-90bc-eed7a755b2a0/resourceGroups/Rg_Test/providers/Microsoft.Network/networkInterfaces/NetIntVm0",
            "internal_dns_name_label": "",
            "internal_domain_name_suffix": "52fmj3khlrmu3j3f1k35flmw4e.fx.internal.cloudapp.net",
            "ip_configuration": [
              {
                "gateway_load_balancer_frontend_ip_configuration_id": "",
                "name": "internal",
                "primary": true,
                "private_ip_address": "10.0.2.6",
                "private_ip_address_allocation": "Dynamic",
                "private_ip_address_version": "IPv4",
                "public_ip_address_id": "/subscriptions/11a1d476-f53f-482c-90bc-eed7a755b2a0/resourceGroups/Rg_Test/providers/Microsoft.Network/publicIPAddresses/PublicIpForVM0",
                "subnet_id": "/subscriptions/11a1d476-f53f-482c-90bc-eed7a755b2a0/resourceGroups/Rg_Test/providers/Microsoft.Network/virtualNetworks/Network1/subnets/Network1Subnet"
              }
            ],
            "location": "northeurope",
            "mac_address": "00-0D-3A-D7-BE-EA",
            "name": "NetIntVm0",
            "private_ip_address": "10.0.2.6",
            "private_ip_addresses": [
              "10.0.2.6"
            ],
            "resource_group_name": "Rg_Test",
            "tags": {},
            "timeouts": null,
            "virtual_machine_id": "/subscriptions/11a1d476-f53f-482c-90bc-eed7a755b2a0/resourceGroups/Rg_Test/providers/Microsoft.Compute/virtualMachines/VM0"
          },
          "sensitive_attributes": [],
          "private": "eyJlMmJmYjczMC1lY2FhLTExZTYtOGY4OC0zNDM2M2JjN2M0YzAiOnsiY3JlYXRlIjoxODAwMDAwMDAwMDAwLCJkZWxldGUiOjE4MDAwMDAwMDAwMDAsInJlYWQiOjMwMDAwMDAwMDAwMCwidXBkYXRlIjoxODAwMDAwMDAwMDAwfX0=",
          "dependencies": [
            "azurerm_public_ip.PublicIPForVM",
            "azurerm_resource_group.Rg_name",
            "azurerm_subnet.Subnet_config",
            "azurerm_virtual_network.AZ_VirtualNetwork"
          ]
        },
        {
          "index_key": 1,
          "schema_version": 0,
          "attributes": {
            "applied_dns_servers": [],
            "dns_servers": [],
            "enable_accelerated_networking": false,
            "enable_ip_forwarding": false,
            "id": "/subscriptions/11a1d476-f53f-482c-90bc-eed7a755b2a0/resourceGroups/Rg_Test/providers/Microsoft.Network/networkInterfaces/NetIntVm1",
            "internal_dns_name_label": "",
            "internal_domain_name_suffix": "52fmj3khlrmu3j3f1k35flmw4e.fx.internal.cloudapp.net",
            "ip_configuration": [
              {
                "gateway_load_balancer_frontend_ip_configuration_id": "",
                "name": "internal",
                "primary": true,
                "private_ip_address": "10.0.2.4",
                "private_ip_address_allocation": "Dynamic",
                "private_ip_address_version": "IPv4",
                "public_ip_address_id": "/subscriptions/11a1d476-f53f-482c-90bc-eed7a755b2a0/resourceGroups/Rg_Test/providers/Microsoft.Network/publicIPAddresses/PublicIpForVM1",
                "subnet_id": "/subscriptions/11a1d476-f53f-482c-90bc-eed7a755b2a0/resourceGroups/Rg_Test/providers/Microsoft.Network/virtualNetworks/Network1/subnets/Network1Subnet"
              }
            ],
            "location": "northeurope",
            "mac_address": "00-0D-3A-D7-B4-2A",
            "name": "NetIntVm1",
            "private_ip_address": "10.0.2.4",
            "private_ip_addresses": [
              "10.0.2.4"
            ],
            "resource_group_name": "Rg_Test",
            "tags": {},
            "timeouts": null,
            "virtual_machine_id": "/subscriptions/11a1d476-f53f-482c-90bc-eed7a755b2a0/resourceGroups/Rg_Test/providers/Microsoft.Compute/virtualMachines/VM1"
          },
          "sensitive_attributes": [],
          "private": "eyJlMmJmYjczMC1lY2FhLTExZTYtOGY4OC0zNDM2M2JjN2M0YzAiOnsiY3JlYXRlIjoxODAwMDAwMDAwMDAwLCJkZWxldGUiOjE4MDAwMDAwMDAwMDAsInJlYWQiOjMwMDAwMDAwMDAwMCwidXBkYXRlIjoxODAwMDAwMDAwMDAwfX0=",
          "dependencies": [
            "azurerm_public_ip.PublicIPForVM",
            "azurerm_resource_group.Rg_name",
            "azurerm_subnet.Subnet_config",
            "azurerm_virtual_network.AZ_VirtualNetwork"
          ]
        },
        {
          "index_key": 2,
          "schema_version": 0,
          "attributes": {
            "applied_dns_servers": [],
            "dns_servers": [],
            "enable_accelerated_networking": false,
            "enable_ip_forwarding": false,
            "id": "/subscriptions/11a1d476-f53f-482c-90bc-eed7a755b2a0/resourceGroups/Rg_Test/providers/Microsoft.Network/networkInterfaces/NetIntVm2",
            "internal_dns_name_label": "",
            "internal_domain_name_suffix": "52fmj3khlrmu3j3f1k35flmw4e.fx.internal.cloudapp.net",
            "ip_configuration": [
              {
                "gateway_load_balancer_frontend_ip_configuration_id": "",
                "name": "internal",
                "primary": true,
                "private_ip_address": "10.0.2.5",
                "private_ip_address_allocation": "Dynamic",
                "private_ip_address_version": "IPv4",
                "public_ip_address_id": "/subscriptions/11a1d476-f53f-482c-90bc-eed7a755b2a0/resourceGroups/Rg_Test/providers/Microsoft.Network/publicIPAddresses/PublicIpForVM2",
                "subnet_id": "/subscriptions/11a1d476-f53f-482c-90bc-eed7a755b2a0/resourceGroups/Rg_Test/providers/Microsoft.Network/virtualNetworks/Network1/subnets/Network1Subnet"
              }
            ],
            "location": "northeurope",
            "mac_address": "00-0D-3A-D7-B9-21",
            "name": "NetIntVm2",
            "private_ip_address": "10.0.2.5",
            "private_ip_addresses": [
              "10.0.2.5"
            ],
            "resource_group_name": "Rg_Test",
            "tags": {},
            "timeouts": null,
            "virtual_machine_id": "/subscriptions/11a1d476-f53f-482c-90bc-eed7a755b2a0/resourceGroups/Rg_Test/providers/Microsoft.Compute/virtualMachines/VM2"
          },
          "sensitive_attributes": [],
          "private": "eyJlMmJmYjczMC1lY2FhLTExZTYtOGY4OC0zNDM2M2JjN2M0YzAiOnsiY3JlYXRlIjoxODAwMDAwMDAwMDAwLCJkZWxldGUiOjE4MDAwMDAwMDAwMDAsInJlYWQiOjMwMDAwMDAwMDAwMCwidXBkYXRlIjoxODAwMDAwMDAwMDAwfX0=",
          "dependencies": [
            "azurerm_public_ip.PublicIPForVM",
            "azurerm_resource_group.Rg_name",
            "azurerm_subnet.Subnet_config",
            "azurerm_virtual_network.AZ_VirtualNetwork"
          ]
        }
      ]
    },
    {
      "mode": "managed",
      "type": "azurerm_network_interface_backend_address_pool_association",
      "name": "LB_Backend_AddressPool",
      "provider": "provider[\"registry.terraform.io/hashicorp/azurerm\"]",
      "instances": [
        {
          "index_key": 0,
          "schema_version": 0,
          "attributes": {
            "backend_address_pool_id": "/subscriptions/11a1d476-f53f-482c-90bc-eed7a755b2a0/resourceGroups/Rg_Test/providers/Microsoft.Network/loadBalancers/LoadBalancer/backendAddressPools/BackEndAddressPool",
            "id": "/subscriptions/11a1d476-f53f-482c-90bc-eed7a755b2a0/resourceGroups/Rg_Test/providers/Microsoft.Network/networkInterfaces/NetIntVm0/ipConfigurations/internal|/subscriptions/11a1d476-f53f-482c-90bc-eed7a755b2a0/resourceGroups/Rg_Test/providers/Microsoft.Network/loadBalancers/LoadBalancer/backendAddressPools/BackEndAddressPool",
            "ip_configuration_name": "internal",
            "network_interface_id": "/subscriptions/11a1d476-f53f-482c-90bc-eed7a755b2a0/resourceGroups/Rg_Test/providers/Microsoft.Network/networkInterfaces/NetIntVm0",
            "timeouts": null
          },
          "sensitive_attributes": [],
          "private": "eyJlMmJmYjczMC1lY2FhLTExZTYtOGY4OC0zNDM2M2JjN2M0YzAiOnsiY3JlYXRlIjoxODAwMDAwMDAwMDAwLCJkZWxldGUiOjE4MDAwMDAwMDAwMDAsInJlYWQiOjMwMDAwMDAwMDAwMCwidXBkYXRlIjoxODAwMDAwMDAwMDAwfX0=",
          "dependencies": [
            "azurerm_lb.LoadBalancer",
            "azurerm_lb_backend_address_pool.LB_backend",
            "azurerm_network_interface.NetworkInt",
            "azurerm_public_ip.LoadBalPubIP",
            "azurerm_public_ip.PublicIPForVM",
            "azurerm_resource_group.Rg_name",
            "azurerm_subnet.Subnet_config",
            "azurerm_virtual_network.AZ_VirtualNetwork"
          ]
        },
        {
          "index_key": 1,
          "schema_version": 0,
          "attributes": {
            "backend_address_pool_id": "/subscriptions/11a1d476-f53f-482c-90bc-eed7a755b2a0/resourceGroups/Rg_Test/providers/Microsoft.Network/loadBalancers/LoadBalancer/backendAddressPools/BackEndAddressPool",
            "id": "/subscriptions/11a1d476-f53f-482c-90bc-eed7a755b2a0/resourceGroups/Rg_Test/providers/Microsoft.Network/networkInterfaces/NetIntVm1/ipConfigurations/internal|/subscriptions/11a1d476-f53f-482c-90bc-eed7a755b2a0/resourceGroups/Rg_Test/providers/Microsoft.Network/loadBalancers/LoadBalancer/backendAddressPools/BackEndAddressPool",
            "ip_configuration_name": "internal",
            "network_interface_id": "/subscriptions/11a1d476-f53f-482c-90bc-eed7a755b2a0/resourceGroups/Rg_Test/providers/Microsoft.Network/networkInterfaces/NetIntVm1",
            "timeouts": null
          },
          "sensitive_attributes": [],
          "private": "eyJlMmJmYjczMC1lY2FhLTExZTYtOGY4OC0zNDM2M2JjN2M0YzAiOnsiY3JlYXRlIjoxODAwMDAwMDAwMDAwLCJkZWxldGUiOjE4MDAwMDAwMDAwMDAsInJlYWQiOjMwMDAwMDAwMDAwMCwidXBkYXRlIjoxODAwMDAwMDAwMDAwfX0=",
          "dependencies": [
            "azurerm_lb.LoadBalancer",
            "azurerm_lb_backend_address_pool.LB_backend",
            "azurerm_network_interface.NetworkInt",
            "azurerm_public_ip.LoadBalPubIP",
            "azurerm_public_ip.PublicIPForVM",
            "azurerm_resource_group.Rg_name",
            "azurerm_subnet.Subnet_config",
            "azurerm_virtual_network.AZ_VirtualNetwork"
          ]
        },
        {
          "index_key": 2,
          "schema_version": 0,
          "attributes": {
            "backend_address_pool_id": "/subscriptions/11a1d476-f53f-482c-90bc-eed7a755b2a0/resourceGroups/Rg_Test/providers/Microsoft.Network/loadBalancers/LoadBalancer/backendAddressPools/BackEndAddressPool",
            "id": "/subscriptions/11a1d476-f53f-482c-90bc-eed7a755b2a0/resourceGroups/Rg_Test/providers/Microsoft.Network/networkInterfaces/NetIntVm2/ipConfigurations/internal|/subscriptions/11a1d476-f53f-482c-90bc-eed7a755b2a0/resourceGroups/Rg_Test/providers/Microsoft.Network/loadBalancers/LoadBalancer/backendAddressPools/BackEndAddressPool",
            "ip_configuration_name": "internal",
            "network_interface_id": "/subscriptions/11a1d476-f53f-482c-90bc-eed7a755b2a0/resourceGroups/Rg_Test/providers/Microsoft.Network/networkInterfaces/NetIntVm2",
            "timeouts": null
          },
          "sensitive_attributes": [],
          "private": "eyJlMmJmYjczMC1lY2FhLTExZTYtOGY4OC0zNDM2M2JjN2M0YzAiOnsiY3JlYXRlIjoxODAwMDAwMDAwMDAwLCJkZWxldGUiOjE4MDAwMDAwMDAwMDAsInJlYWQiOjMwMDAwMDAwMDAwMCwidXBkYXRlIjoxODAwMDAwMDAwMDAwfX0=",
          "dependencies": [
            "azurerm_lb.LoadBalancer",
            "azurerm_lb_backend_address_pool.LB_backend",
            "azurerm_network_interface.NetworkInt",
            "azurerm_public_ip.LoadBalPubIP",
            "azurerm_public_ip.PublicIPForVM",
            "azurerm_resource_group.Rg_name",
            "azurerm_subnet.Subnet_config",
            "azurerm_virtual_network.AZ_VirtualNetwork"
          ]
        }
      ]
    },
    {
      "mode": "managed",
      "type": "azurerm_network_security_group",
      "name": "NSG",
      "provider": "provider[\"registry.terraform.io/hashicorp/azurerm\"]",
      "instances": [
        {
          "schema_version": 0,
          "attributes": {
            "id": "/subscriptions/11a1d476-f53f-482c-90bc-eed7a755b2a0/resourceGroups/Rg_Test/providers/Microsoft.Network/networkSecurityGroups/acceptanceTestSecurityGroup1",
            "location": "northeurope",
            "name": "acceptanceTestSecurityGroup1",
            "resource_group_name": "Rg_Test",
            "security_rule": [
              {
                "access": "Allow",
                "description": "",
                "destination_address_prefix": "*",
                "destination_address_prefixes": [],
                "destination_application_security_group_ids": [],
                "destination_port_range": "",
                "destination_port_ranges": [
                  "80"
                ],
                "direction": "Inbound",
                "name": "test1233",
                "priority": 110,
                "protocol": "TCP",
                "source_address_prefix": "*",
                "source_address_prefixes": [],
                "source_application_security_group_ids": [],
                "source_port_range": "*",
                "source_port_ranges": []
              }
            ],
            "tags": {},
            "timeouts": null
          },
          "sensitive_attributes": [],
          "private": "eyJlMmJmYjczMC1lY2FhLTExZTYtOGY4OC0zNDM2M2JjN2M0YzAiOnsiY3JlYXRlIjoxODAwMDAwMDAwMDAwLCJkZWxldGUiOjE4MDAwMDAwMDAwMDAsInJlYWQiOjMwMDAwMDAwMDAwMCwidXBkYXRlIjoxODAwMDAwMDAwMDAwfX0=",
          "dependencies": [
            "azurerm_resource_group.Rg_name"
          ]
        }
      ]
    },
    {
      "mode": "managed",
      "type": "azurerm_network_security_rule",
      "name": "NSG_RULES",
      "provider": "provider[\"registry.terraform.io/hashicorp/azurerm\"]",
      "instances": [
        {
          "index_key": "100",
          "schema_version": 0,
          "attributes": {
            "access": "Allow",
            "description": "",
            "destination_address_prefix": "*",
            "destination_address_prefixes": null,
            "destination_application_security_group_ids": null,
            "destination_port_range": "",
            "destination_port_ranges": [
              "22"
            ],
            "direction": "Inbound",
            "id": "/subscriptions/11a1d476-f53f-482c-90bc-eed7a755b2a0/resourceGroups/Rg_Test/providers/Microsoft.Network/networkSecurityGroups/acceptanceTestSecurityGroup1/securityRules/test123-100",
            "name": "test123-100",
            "network_security_group_name": "acceptanceTestSecurityGroup1",
            "priority": 100,
            "protocol": "TCP",
            "resource_group_name": "Rg_Test",
            "source_address_prefix": "*",
            "source_address_prefixes": null,
            "source_application_security_group_ids": null,
            "source_port_range": "*",
            "source_port_ranges": null,
            "timeouts": null
          },
          "sensitive_attributes": [],
          "private": "eyJlMmJmYjczMC1lY2FhLTExZTYtOGY4OC0zNDM2M2JjN2M0YzAiOnsiY3JlYXRlIjoxODAwMDAwMDAwMDAwLCJkZWxldGUiOjE4MDAwMDAwMDAwMDAsInJlYWQiOjMwMDAwMDAwMDAwMCwidXBkYXRlIjoxODAwMDAwMDAwMDAwfX0=",
          "dependencies": [
            "azurerm_network_security_group.NSG",
            "azurerm_resource_group.Rg_name"
          ]
        },
        {
          "index_key": "110",
          "schema_version": 0,
          "attributes": {
            "access": "Allow",
            "description": "",
            "destination_address_prefix": "*",
            "destination_address_prefixes": null,
            "destination_application_security_group_ids": null,
            "destination_port_range": "",
            "destination_port_ranges": [
              "80"
            ],
            "direction": "Inbound",
            "id": "/subscriptions/11a1d476-f53f-482c-90bc-eed7a755b2a0/resourceGroups/Rg_Test/providers/Microsoft.Network/networkSecurityGroups/acceptanceTestSecurityGroup1/securityRules/test123-110",
            "name": "test123-110",
            "network_security_group_name": "acceptanceTestSecurityGroup1",
            "priority": 110,
            "protocol": "TCP",
            "resource_group_name": "Rg_Test",
            "source_address_prefix": "*",
            "source_address_prefixes": null,
            "source_application_security_group_ids": null,
            "source_port_range": "*",
            "source_port_ranges": null,
            "timeouts": null
          },
          "sensitive_attributes": [],
          "private": "eyJlMmJmYjczMC1lY2FhLTExZTYtOGY4OC0zNDM2M2JjN2M0YzAiOnsiY3JlYXRlIjoxODAwMDAwMDAwMDAwLCJkZWxldGUiOjE4MDAwMDAwMDAwMDAsInJlYWQiOjMwMDAwMDAwMDAwMCwidXBkYXRlIjoxODAwMDAwMDAwMDAwfX0=",
          "dependencies": [
            "azurerm_network_security_group.NSG",
            "azurerm_resource_group.Rg_name"
          ]
        },
        {
          "index_key": "120",
          "schema_version": 0,
          "attributes": {
            "access": "Allow",
            "description": "",
            "destination_address_prefix": "*",
            "destination_address_prefixes": null,
            "destination_application_security_group_ids": null,
            "destination_port_range": "",
            "destination_port_ranges": [
              "443"
            ],
            "direction": "Inbound",
            "id": "/subscriptions/11a1d476-f53f-482c-90bc-eed7a755b2a0/resourceGroups/Rg_Test/providers/Microsoft.Network/networkSecurityGroups/acceptanceTestSecurityGroup1/securityRules/test123-120",
            "name": "test123-120",
            "network_security_group_name": "acceptanceTestSecurityGroup1",
            "priority": 120,
            "protocol": "TCP",
            "resource_group_name": "Rg_Test",
            "source_address_prefix": "*",
            "source_address_prefixes": null,
            "source_application_security_group_ids": null,
            "source_port_range": "*",
            "source_port_ranges": null,
            "timeouts": null
          },
          "sensitive_attributes": [],
          "private": "eyJlMmJmYjczMC1lY2FhLTExZTYtOGY4OC0zNDM2M2JjN2M0YzAiOnsiY3JlYXRlIjoxODAwMDAwMDAwMDAwLCJkZWxldGUiOjE4MDAwMDAwMDAwMDAsInJlYWQiOjMwMDAwMDAwMDAwMCwidXBkYXRlIjoxODAwMDAwMDAwMDAwfX0=",
          "dependencies": [
            "azurerm_network_security_group.NSG",
            "azurerm_resource_group.Rg_name"
          ]
        }
      ]
    },
    {
      "mode": "managed",
      "type": "azurerm_public_ip",
      "name": "LoadBalPubIP",
      "provider": "provider[\"registry.terraform.io/hashicorp/azurerm\"]",
      "instances": [
        {
          "schema_version": 0,
          "attributes": {
            "allocation_method": "Static",
            "availability_zone": "Zone-Redundant",
            "domain_name_label": null,
            "fqdn": null,
            "id": "/subscriptions/11a1d476-f53f-482c-90bc-eed7a755b2a0/resourceGroups/Rg_Test/providers/Microsoft.Network/publicIPAddresses/PublicIpForLB",
            "idle_timeout_in_minutes": 4,
            "ip_address": "20.223.9.154",
            "ip_tags": {},
            "ip_version": "IPv4",
            "location": "northeurope",
            "name": "PublicIpForLB",
            "public_ip_prefix_id": null,
            "resource_group_name": "Rg_Test",
            "reverse_fqdn": null,
            "sku": "Standard",
            "sku_tier": "Regional",
            "tags": {},
            "timeouts": null,
            "zones": []
          },
          "sensitive_attributes": [],
          "private": "eyJlMmJmYjczMC1lY2FhLTExZTYtOGY4OC0zNDM2M2JjN2M0YzAiOnsiY3JlYXRlIjoxODAwMDAwMDAwMDAwLCJkZWxldGUiOjE4MDAwMDAwMDAwMDAsInJlYWQiOjMwMDAwMDAwMDAwMCwidXBkYXRlIjoxODAwMDAwMDAwMDAwfX0=",
          "dependencies": [
            "azurerm_resource_group.Rg_name"
          ]
        }
      ]
    },
    {
      "mode": "managed",
      "type": "azurerm_public_ip",
      "name": "PublicIPForVM",
      "provider": "provider[\"registry.terraform.io/hashicorp/azurerm\"]",
      "instances": [
        {
          "index_key": 0,
          "schema_version": 0,
          "attributes": {
            "allocation_method": "Static",
            "availability_zone": "Zone-Redundant",
            "domain_name_label": null,
            "fqdn": null,
            "id": "/subscriptions/11a1d476-f53f-482c-90bc-eed7a755b2a0/resourceGroups/Rg_Test/providers/Microsoft.Network/publicIPAddresses/PublicIpForVM0",
            "idle_timeout_in_minutes": 4,
            "ip_address": "20.223.8.200",
            "ip_tags": {},
            "ip_version": "IPv4",
            "location": "northeurope",
            "name": "PublicIpForVM0",
            "public_ip_prefix_id": null,
            "resource_group_name": "Rg_Test",
            "reverse_fqdn": null,
            "sku": "Standard",
            "sku_tier": "Regional",
            "tags": {},
            "timeouts": null,
            "zones": []
          },
          "sensitive_attributes": [],
          "private": "eyJlMmJmYjczMC1lY2FhLTExZTYtOGY4OC0zNDM2M2JjN2M0YzAiOnsiY3JlYXRlIjoxODAwMDAwMDAwMDAwLCJkZWxldGUiOjE4MDAwMDAwMDAwMDAsInJlYWQiOjMwMDAwMDAwMDAwMCwidXBkYXRlIjoxODAwMDAwMDAwMDAwfX0=",
          "dependencies": [
            "azurerm_resource_group.Rg_name"
          ]
        },
        {
          "index_key": 1,
          "schema_version": 0,
          "attributes": {
            "allocation_method": "Static",
            "availability_zone": "Zone-Redundant",
            "domain_name_label": null,
            "fqdn": null,
            "id": "/subscriptions/11a1d476-f53f-482c-90bc-eed7a755b2a0/resourceGroups/Rg_Test/providers/Microsoft.Network/publicIPAddresses/PublicIpForVM1",
            "idle_timeout_in_minutes": 4,
            "ip_address": "20.223.9.195",
            "ip_tags": {},
            "ip_version": "IPv4",
            "location": "northeurope",
            "name": "PublicIpForVM1",
            "public_ip_prefix_id": null,
            "resource_group_name": "Rg_Test",
            "reverse_fqdn": null,
            "sku": "Standard",
            "sku_tier": "Regional",
            "tags": {},
            "timeouts": null,
            "zones": []
          },
          "sensitive_attributes": [],
          "private": "eyJlMmJmYjczMC1lY2FhLTExZTYtOGY4OC0zNDM2M2JjN2M0YzAiOnsiY3JlYXRlIjoxODAwMDAwMDAwMDAwLCJkZWxldGUiOjE4MDAwMDAwMDAwMDAsInJlYWQiOjMwMDAwMDAwMDAwMCwidXBkYXRlIjoxODAwMDAwMDAwMDAwfX0=",
          "dependencies": [
            "azurerm_resource_group.Rg_name"
          ]
        },
        {
          "index_key": 2,
          "schema_version": 0,
          "attributes": {
            "allocation_method": "Static",
            "availability_zone": "Zone-Redundant",
            "domain_name_label": null,
            "fqdn": null,
            "id": "/subscriptions/11a1d476-f53f-482c-90bc-eed7a755b2a0/resourceGroups/Rg_Test/providers/Microsoft.Network/publicIPAddresses/PublicIpForVM2",
            "idle_timeout_in_minutes": 4,
            "ip_address": "20.223.8.204",
            "ip_tags": {},
            "ip_version": "IPv4",
            "location": "northeurope",
            "name": "PublicIpForVM2",
            "public_ip_prefix_id": null,
            "resource_group_name": "Rg_Test",
            "reverse_fqdn": null,
            "sku": "Standard",
            "sku_tier": "Regional",
            "tags": {},
            "timeouts": null,
            "zones": []
          },
          "sensitive_attributes": [],
          "private": "eyJlMmJmYjczMC1lY2FhLTExZTYtOGY4OC0zNDM2M2JjN2M0YzAiOnsiY3JlYXRlIjoxODAwMDAwMDAwMDAwLCJkZWxldGUiOjE4MDAwMDAwMDAwMDAsInJlYWQiOjMwMDAwMDAwMDAwMCwidXBkYXRlIjoxODAwMDAwMDAwMDAwfX0=",
          "dependencies": [
            "azurerm_resource_group.Rg_name"
          ]
        }
      ]
    },
    {
      "mode": "managed",
      "type": "azurerm_resource_group",
      "name": "Rg_name",
      "provider": "provider[\"registry.terraform.io/hashicorp/azurerm\"]",
      "instances": [
        {
          "schema_version": 0,
          "attributes": {
            "id": "/subscriptions/11a1d476-f53f-482c-90bc-eed7a755b2a0/resourceGroups/Rg_Test",
            "location": "northeurope",
            "name": "Rg_Test",
            "tags": {},
            "timeouts": null
          },
          "sensitive_attributes": [],
          "private": "eyJlMmJmYjczMC1lY2FhLTExZTYtOGY4OC0zNDM2M2JjN2M0YzAiOnsiY3JlYXRlIjo1NDAwMDAwMDAwMDAwLCJkZWxldGUiOjU0MDAwMDAwMDAwMDAsInJlYWQiOjMwMDAwMDAwMDAwMCwidXBkYXRlIjo1NDAwMDAwMDAwMDAwfX0="
        }
      ]
    },
    {
      "mode": "managed",
      "type": "azurerm_subnet",
      "name": "Subnet_config",
      "provider": "provider[\"registry.terraform.io/hashicorp/azurerm\"]",
      "instances": [
        {
          "schema_version": 0,
          "attributes": {
            "address_prefix": "10.0.2.0/24",
            "address_prefixes": [
              "10.0.2.0/24"
            ],
            "delegation": [],
            "enforce_private_link_endpoint_network_policies": false,
            "enforce_private_link_service_network_policies": false,
            "id": "/subscriptions/11a1d476-f53f-482c-90bc-eed7a755b2a0/resourceGroups/Rg_Test/providers/Microsoft.Network/virtualNetworks/Network1/subnets/Network1Subnet",
            "name": "Network1Subnet",
            "resource_group_name": "Rg_Test",
            "service_endpoint_policy_ids": [],
            "service_endpoints": [],
            "timeouts": null,
            "virtual_network_name": "Network1"
          },
          "sensitive_attributes": [],
          "private": "eyJlMmJmYjczMC1lY2FhLTExZTYtOGY4OC0zNDM2M2JjN2M0YzAiOnsiY3JlYXRlIjoxODAwMDAwMDAwMDAwLCJkZWxldGUiOjE4MDAwMDAwMDAwMDAsInJlYWQiOjMwMDAwMDAwMDAwMCwidXBkYXRlIjoxODAwMDAwMDAwMDAwfX0=",
          "dependencies": [
            "azurerm_resource_group.Rg_name",
            "azurerm_virtual_network.AZ_VirtualNetwork"
          ]
        }
      ]
    },
    {
      "mode": "managed",
      "type": "azurerm_subnet_network_security_group_association",
      "name": "SubnetNetworkSecurityGroup",
      "provider": "provider[\"registry.terraform.io/hashicorp/azurerm\"]",
      "instances": [
        {
          "schema_version": 0,
          "attributes": {
            "id": "/subscriptions/11a1d476-f53f-482c-90bc-eed7a755b2a0/resourceGroups/Rg_Test/providers/Microsoft.Network/virtualNetworks/Network1/subnets/Network1Subnet",
            "network_security_group_id": "/subscriptions/11a1d476-f53f-482c-90bc-eed7a755b2a0/resourceGroups/Rg_Test/providers/Microsoft.Network/networkSecurityGroups/acceptanceTestSecurityGroup1",
            "subnet_id": "/subscriptions/11a1d476-f53f-482c-90bc-eed7a755b2a0/resourceGroups/Rg_Test/providers/Microsoft.Network/virtualNetworks/Network1/subnets/Network1Subnet",
            "timeouts": null
          },
          "sensitive_attributes": [],
          "private": "eyJlMmJmYjczMC1lY2FhLTExZTYtOGY4OC0zNDM2M2JjN2M0YzAiOnsiY3JlYXRlIjoxODAwMDAwMDAwMDAwLCJkZWxldGUiOjE4MDAwMDAwMDAwMDAsInJlYWQiOjMwMDAwMDAwMDAwMCwidXBkYXRlIjoxODAwMDAwMDAwMDAwfX0=",
          "dependencies": [
            "azurerm_lb.LoadBalancer",
            "azurerm_lb_backend_address_pool.LB_backend",
            "azurerm_lb_probe.example",
            "azurerm_lb_rule.Port",
            "azurerm_network_security_group.NSG",
            "azurerm_public_ip.LoadBalPubIP",
            "azurerm_resource_group.Rg_name",
            "azurerm_subnet.Subnet_config",
            "azurerm_virtual_network.AZ_VirtualNetwork"
          ]
        }
      ]
    },
    {
      "mode": "managed",
      "type": "azurerm_virtual_network",
      "name": "AZ_VirtualNetwork",
      "provider": "provider[\"registry.terraform.io/hashicorp/azurerm\"]",
      "instances": [
        {
          "schema_version": 0,
          "attributes": {
            "address_space": [
              "10.0.0.0/16"
            ],
            "bgp_community": "",
            "ddos_protection_plan": [],
            "dns_servers": [],
            "flow_timeout_in_minutes": 0,
            "guid": "f5c40aff-5c47-4e59-a7a5-dabbf2ad96f4",
            "id": "/subscriptions/11a1d476-f53f-482c-90bc-eed7a755b2a0/resourceGroups/Rg_Test/providers/Microsoft.Network/virtualNetworks/Network1",
            "location": "northeurope",
            "name": "Network1",
            "resource_group_name": "Rg_Test",
            "subnet": [
              {
                "address_prefix": "10.0.2.0/24",
                "id": "/subscriptions/11a1d476-f53f-482c-90bc-eed7a755b2a0/resourceGroups/Rg_Test/providers/Microsoft.Network/virtualNetworks/Network1/subnets/Network1Subnet",
                "name": "Network1Subnet",
                "security_group": "/subscriptions/11a1d476-f53f-482c-90bc-eed7a755b2a0/resourceGroups/Rg_Test/providers/Microsoft.Network/networkSecurityGroups/acceptanceTestSecurityGroup1"
              }
            ],
            "tags": {},
            "timeouts": null,
            "vm_protection_enabled": false
          },
          "sensitive_attributes": [],
          "private": "eyJlMmJmYjczMC1lY2FhLTExZTYtOGY4OC0zNDM2M2JjN2M0YzAiOnsiY3JlYXRlIjoxODAwMDAwMDAwMDAwLCJkZWxldGUiOjE4MDAwMDAwMDAwMDAsInJlYWQiOjMwMDAwMDAwMDAwMCwidXBkYXRlIjoxODAwMDAwMDAwMDAwfX0=",
          "dependencies": [
            "azurerm_resource_group.Rg_name"
          ]
        }
      ]
    }
  ]
}
